<Solution>
  <Project Path="src/SlideGenerator.Configs/SlideGenerator.Configs.csproj" />
  <Project Path="src/SlideGenerator.Framework/SlideGenerator.Framework.csproj" />
  <Project Path="src/SlideGenerator.Jobs/SlideGenerator.Jobs.csproj" />
  <Project Path="src/SlideGenerator.Generating/SlideGenerator.Generating.csproj" />
  <Project Path="src/SlideGenerator.Ipc/SlideGenerator.Ipc.csproj" Id="ae13f840-eb10-4ab4-adcc-ccd9d25c0426" />
  <Project Path="src/SlideGenerator.Scanning/SlideGenerator.Scanning.csproj" />
</Solution>
