<Solution>
    <Project Path="SlideGenerator.Application/SlideGenerator.Application.csproj"
             Id="f93b09d2-d84d-4053-ad70-33ae926179d8"/>
    <Project Path="SlideGenerator.Domain/SlideGenerator.Domain.csproj" Id="6f61d8c7-c91b-4fc5-a43b-c09b0c4ddbaf"/>
    <Project Path="SlideGenerator.Infrastructure/SlideGenerator.Infrastructure.csproj"/>
</Solution>
