<Solution>
  <Project Path="src/TaoSlideTotNghiep.Application/TaoSlideTotNghiep.Application.csproj" Id="a835cd17-0530-4528-b730-39f6b999a565" />
  <Project Path="src/TaoSlideTotNghiep.Domain/TaoSlideTotNghiep.Domain.csproj" />
  <Project Path="src/TaoSlideTotNghiep.Infrastructure/TaoSlideTotNghiep.Infrastructure.csproj" Id="600e0ab8-ae85-40e3-9c63-2a7520d975e5" />
  <Project Path="src/TaoSlideTotNghiep.Presentation/TaoSlideTotNghiep.Presentation.csproj" Id="ae13f840-eb10-4ab4-adcc-ccd9d25c0426" />
</Solution>
